
Microsoft Visual Studio Solution File, Format Version 12.00
# Visual Studio Version 16
VisualStudioVersion = 16.0.31313.79
MinimumVisualStudioVersion = 10.0.40219.1
Project("{FAE04EC0-301F-11D3-BF4B-00C04F79EFBC}") = "AirportSystems", "AirportSystems\AirportSystems.csproj", "{4F9E5BE8-3837-4BAF-9BCC-5E096A444B62}"
EndProject
Global
	GlobalSection(SolutionConfigurationPlatforms) = preSolution
		Debug|Any CPU = Debug|Any CPU
		Release|Any CPU = Release|Any CPU
	EndGlobalSection
	GlobalSection(ProjectConfigurationPlatforms) = postSolution
		{4F9E5BE8-3837-4BAF-9BCC-5E096A444B62}.Debug|Any CPU.ActiveCfg = Debug|Any CPU
		{4F9E5BE8-3837-4BAF-9BCC-5E096A444B62}.Debug|Any CPU.Build.0 = Debug|Any CPU
		{4F9E5BE8-3837-4BAF-9BCC-5E096A444B62}.Release|Any CPU.ActiveCfg = Release|Any CPU
		{4F9E5BE8-3837-4BAF-9BCC-5E096A444B62}.Release|Any CPU.Build.0 = Release|Any CPU
	EndGlobalSection
	GlobalSection(SolutionProperties) = preSolution
		HideSolutionNode = FALSE
	EndGlobalSection
	GlobalSection(ExtensibilityGlobals) = postSolution
		SolutionGuid = {37D349F2-ACE1-46CE-915F-836AE427B455}
	EndGlobalSection
EndGlobal
