
Microsoft Visual Studio Solution File, Format Version 12.00
# Visual Studio Version 16
VisualStudioVersion = 16.0.31321.278
MinimumVisualStudioVersion = 10.0.40219.1
Project("{FAE04EC0-301F-11D3-BF4B-00C04F79EFBC}") = "CatAdoption", "CatAdoption\CatAdoption.csproj", "{E7B253E6-D137-455D-B15F-2F8D1D7688D3}"
EndProject
Global
	GlobalSection(SolutionConfigurationPlatforms) = preSolution
		Debug|Any CPU = Debug|Any CPU
		Release|Any CPU = Release|Any CPU
	EndGlobalSection
	GlobalSection(ProjectConfigurationPlatforms) = postSolution
		{E7B253E6-D137-455D-B15F-2F8D1D7688D3}.Debug|Any CPU.ActiveCfg = Debug|Any CPU
		{E7B253E6-D137-455D-B15F-2F8D1D7688D3}.Debug|Any CPU.Build.0 = Debug|Any CPU
		{E7B253E6-D137-455D-B15F-2F8D1D7688D3}.Release|Any CPU.ActiveCfg = Release|Any CPU
		{E7B253E6-D137-455D-B15F-2F8D1D7688D3}.Release|Any CPU.Build.0 = Release|Any CPU
	EndGlobalSection
	GlobalSection(SolutionProperties) = preSolution
		HideSolutionNode = FALSE
	EndGlobalSection
	GlobalSection(ExtensibilityGlobals) = postSolution
		SolutionGuid = {BBF7B485-71EC-4505-AE7F-BE2CDEF69BA8}
	EndGlobalSection
EndGlobal
