
Microsoft Visual Studio Solution File, Format Version 12.00
# Visual Studio Version 16
VisualStudioVersion = 16.0.31313.79
MinimumVisualStudioVersion = 10.0.40219.1
Project("{FAE04EC0-301F-11D3-BF4B-00C04F79EFBC}") = "Paradise", "Paradise\Paradise.csproj", "{D74BCFCB-CDAD-445A-A654-62DF9C0514AA}"
EndProject
Global
	GlobalSection(SolutionConfigurationPlatforms) = preSolution
		Debug|Any CPU = Debug|Any CPU
		Release|Any CPU = Release|Any CPU
	EndGlobalSection
	GlobalSection(ProjectConfigurationPlatforms) = postSolution
		{D74BCFCB-CDAD-445A-A654-62DF9C0514AA}.Debug|Any CPU.ActiveCfg = Debug|Any CPU
		{D74BCFCB-CDAD-445A-A654-62DF9C0514AA}.Debug|Any CPU.Build.0 = Debug|Any CPU
		{D74BCFCB-CDAD-445A-A654-62DF9C0514AA}.Release|Any CPU.ActiveCfg = Release|Any CPU
		{D74BCFCB-CDAD-445A-A654-62DF9C0514AA}.Release|Any CPU.Build.0 = Release|Any CPU
	EndGlobalSection
	GlobalSection(SolutionProperties) = preSolution
		HideSolutionNode = FALSE
	EndGlobalSection
	GlobalSection(ExtensibilityGlobals) = postSolution
		SolutionGuid = {CBFC73DE-F6DF-4441-A34A-58F69790411A}
	EndGlobalSection
EndGlobal
